github.com/wassup-chicken/dog v0.0.0-20241104154317-d2d0a999c5d4 h1:SzfrQPaDsphtKmQXDIlKQlLK4K2qlso9ImVHX9LNcL8=
github.com/wassup-chicken/dog v0.0.0-20241104154317-d2d0a999c5d4/go.mod h1:TlmYH4KF6g5vtG08Bk6c4KirWMXc4Z692ln9Nwbb5w0=
github.com/wassup-chicken/puppy v0.0.0-20241031160107-b18e47c2b05f h1:F/+qfS6WinXIDubqWE2Uwk782Dx4Ea8sqGokff55iGw=
github.com/wassup-chicken/puppy v0.0.0-20241031160107-b18e47c2b05f/go.mod h1:ktFbRGv9dMFPNdfjsW8mUtYy2umHawMcV74RU+FZbeM=
github.com/wassup-chicken/puppy v0.0.0-20241104160131-9e00e43e913a h1:mLwcGan203WYhAXGFNE9aH0MCjOp6RxYkMlSowTQuCk=
github.com/wassup-chicken/puppy v0.0.0-20241104160131-9e00e43e913a/go.mod h1:pgeBAlYeOeYzD73Oywd34KVbI+cEoGnLpD5y442xhQo=
